// !$*UTF8*$!
{
	archiveVersion = 1;
	classes = {
	};
	objectVersion = 77;
	objects = {

/* Begin PBXBuildFile section */
		1674EB61C391E4C95A6AE09D /* MasterVolumeView.swift in Sources */ = {isa = PBXBuildFile; fileRef = C9FF732FD65FBE1FEBD6A012 /* MasterVolumeView.swift */; };
		21CC2CA1EA9600A84DE8EA17 /* AudioDeviceManager.swift in Sources */ = {isa = PBXBuildFile; fileRef = 8CAAC21BD09D56B4931833FD /* AudioDeviceManager.swift */; };
		21DC469DF67269BF8F4A2152 /* AudioProcessInfo.swift in Sources */ = {isa = PBXBuildFile; fileRef = 3755F43FD9ACF159319CA18B /* AudioProcessInfo.swift */; };
		3D0B3609D3C584FA1FADECBF /* AudioEngineManager.swift in Sources */ = {isa = PBXBuildFile; fileRef = FB130DE137938E2133105FC8 /* AudioEngineManager.swift */; };
		5333BAAEAA956BECED57FEC2 /* ProcessTapManager.swift in Sources */ = {isa = PBXBuildFile; fileRef = D01FABD0D1AD026EB74EA319 /* ProcessTapManager.swift */; };
		8646581B2E3A78C1C2B16C3E /* PopoverContentView.swift in Sources */ = {isa = PBXBuildFile; fileRef = 8CA9B4991A2EA17FA144DAFE /* PopoverContentView.swift */; };
		C7E00A4936CC98DCEB7F903E /* VUMeterView.swift in Sources */ = {isa = PBXBuildFile; fileRef = 68368DCF77F7ECD1E685FBDB /* VUMeterView.swift */; };
		CDEAB50F89FA32D6C83F143C /* AppVolumeRow.swift in Sources */ = {isa = PBXBuildFile; fileRef = 708B9BA1762E4A2DB7F5E535 /* AppVolumeRow.swift */; };
		D1210D454CBAC14C8576F6B6 /* AppAudioState.swift in Sources */ = {isa = PBXBuildFile; fileRef = E3C6912E09AEFC2994041059 /* AppAudioState.swift */; };
		D616EE84A56DD68253B88CA0 /* OutputDevicePicker.swift in Sources */ = {isa = PBXBuildFile; fileRef = 1F9D11F9B26A0C137323F817 /* OutputDevicePicker.swift */; };
		E455A7E5D7C99AE58636E793 /* AppDelegate.swift in Sources */ = {isa = PBXBuildFile; fileRef = 90EB5AE906D94680E8E7963E /* AppDelegate.swift */; };
		EAFC2F424F0C9DD12D287007 /* MelangeurDeSonApp.swift in Sources */ = {isa = PBXBuildFile; fileRef = 2D5957C5B3312EEA83B27948 /* MelangeurDeSonApp.swift */; };
		FCD2A60419552AA81886B0E7 /* AudioManager.swift in Sources */ = {isa = PBXBuildFile; fileRef = ABC2EACD93E486B6597EA4CB /* AudioManager.swift */; };
/* End PBXBuildFile section */

/* Begin PBXFileReference section */
		1F9D11F9B26A0C137323F817 /* OutputDevicePicker.swift */ = {isa = PBXFileReference; lastKnownFileType = sourcecode.swift; path = OutputDevicePicker.swift; sourceTree = "<group>"; };
		2D5957C5B3312EEA83B27948 /* MelangeurDeSonApp.swift */ = {isa = PBXFileReference; lastKnownFileType = sourcecode.swift; path = MelangeurDeSonApp.swift; sourceTree = "<group>"; };
		3755F43FD9ACF159319CA18B /* AudioProcessInfo.swift */ = {isa = PBXFileReference; lastKnownFileType = sourcecode.swift; path = AudioProcessInfo.swift; sourceTree = "<group>"; };
		4FEF117F807FBF2BF1BA2D31 /* MelangeurDeSon.app */ = {isa = PBXFileReference; explicitFileType = wrapper.application; includeInIndex = 0; path = MelangeurDeSon.app; sourceTree = BUILT_PRODUCTS_DIR; };
		68368DCF77F7ECD1E685FBDB /* VUMeterView.swift */ = {isa = PBXFileReference; lastKnownFileType = sourcecode.swift; path = VUMeterView.swift; sourceTree = "<group>"; };
		708B9BA1762E4A2DB7F5E535 /* AppVolumeRow.swift */ = {isa = PBXFileReference; lastKnownFileType = sourcecode.swift; path = AppVolumeRow.swift; sourceTree = "<group>"; };
		8CA9B4991A2EA17FA144DAFE /* PopoverContentView.swift */ = {isa = PBXFileReference; lastKnownFileType = sourcecode.swift; path = PopoverContentView.swift; sourceTree = "<group>"; };
		8CAAC21BD09D56B4931833FD /* AudioDeviceManager.swift */ = {isa = PBXFileReference; lastKnownFileType = sourcecode.swift; path = AudioDeviceManager.swift; sourceTree = "<group>"; };
		90EB5AE906D94680E8E7963E /* AppDelegate.swift */ = {isa = PBXFileReference; lastKnownFileType = sourcecode.swift; path = AppDelegate.swift; sourceTree = "<group>"; };
		ABC2EACD93E486B6597EA4CB /* AudioManager.swift */ = {isa = PBXFileReference; lastKnownFileType = sourcecode.swift; path = AudioManager.swift; sourceTree = "<group>"; };
		C9FF732FD65FBE1FEBD6A012 /* MasterVolumeView.swift */ = {isa = PBXFileReference; lastKnownFileType = sourcecode.swift; path = MasterVolumeView.swift; sourceTree = "<group>"; };
		D01FABD0D1AD026EB74EA319 /* ProcessTapManager.swift */ = {isa = PBXFileReference; lastKnownFileType = sourcecode.swift; path = ProcessTapManager.swift; sourceTree = "<group>"; };
		E3C6912E09AEFC2994041059 /* AppAudioState.swift */ = {isa = PBXFileReference; lastKnownFileType = sourcecode.swift; path = AppAudioState.swift; sourceTree = "<group>"; };
		FB130DE137938E2133105FC8 /* AudioEngineManager.swift */ = {isa = PBXFileReference; lastKnownFileType = sourcecode.swift; path = AudioEngineManager.swift; sourceTree = "<group>"; };
/* End PBXFileReference section */

/* Begin PBXGroup section */
		16FEDCF2A4E4F8F7CE6EA531 = {
			isa = PBXGroup;
			children = (
				7A9EA2D9481BF3353DEB67E1 /* Sources */,
				875B391A37224989F1E2B832 /* Products */,
			);
			sourceTree = "<group>";
		};
		340BD49F688BA5086C0AEDBE /* Audio */ = {
			isa = PBXGroup;
			children = (
				8CAAC21BD09D56B4931833FD /* AudioDeviceManager.swift */,
				FB130DE137938E2133105FC8 /* AudioEngineManager.swift */,
				ABC2EACD93E486B6597EA4CB /* AudioManager.swift */,
				3755F43FD9ACF159319CA18B /* AudioProcessInfo.swift */,
				D01FABD0D1AD026EB74EA319 /* ProcessTapManager.swift */,
			);
			path = Audio;
			sourceTree = "<group>";
		};
		7A9EA2D9481BF3353DEB67E1 /* Sources */ = {
			isa = PBXGroup;
			children = (
				E4D09050DB164390698DEC36 /* MelangeurDeSon */,
			);
			path = Sources;
			sourceTree = "<group>";
		};
		875B391A37224989F1E2B832 /* Products */ = {
			isa = PBXGroup;
			children = (
				4FEF117F807FBF2BF1BA2D31 /* MelangeurDeSon.app */,
			);
			name = Products;
			sourceTree = "<group>";
		};
		D503D1DB4923D75CEEB4CE73 /* Views */ = {
			isa = PBXGroup;
			children = (
				708B9BA1762E4A2DB7F5E535 /* AppVolumeRow.swift */,
				C9FF732FD65FBE1FEBD6A012 /* MasterVolumeView.swift */,
				1F9D11F9B26A0C137323F817 /* OutputDevicePicker.swift */,
				8CA9B4991A2EA17FA144DAFE /* PopoverContentView.swift */,
				68368DCF77F7ECD1E685FBDB /* VUMeterView.swift */,
			);
			path = Views;
			sourceTree = "<group>";
		};
		E4D09050DB164390698DEC36 /* MelangeurDeSon */ = {
			isa = PBXGroup;
			children = (
				90EB5AE906D94680E8E7963E /* AppDelegate.swift */,
				2D5957C5B3312EEA83B27948 /* MelangeurDeSonApp.swift */,
				340BD49F688BA5086C0AEDBE /* Audio */,
				E77D889C6ED4D49847BA3D07 /* Models */,
				D503D1DB4923D75CEEB4CE73 /* Views */,
			);
			path = MelangeurDeSon;
			sourceTree = "<group>";
		};
		E77D889C6ED4D49847BA3D07 /* Models */ = {
			isa = PBXGroup;
			children = (
				E3C6912E09AEFC2994041059 /* AppAudioState.swift */,
			);
			path = Models;
			sourceTree = "<group>";
		};
/* End PBXGroup section */

/* Begin PBXNativeTarget section */
		6CAC0D34F9253316A59C7956 /* MelangeurDeSon */ = {
			isa = PBXNativeTarget;
			buildConfigurationList = BD26E618F2AD4D90A4FEBA98 /* Build configuration list for PBXNativeTarget "MelangeurDeSon" */;
			buildPhases = (
				02779468BEBCEBA1D024E5D2 /* Sources */,
			);
			buildRules = (
			);
			dependencies = (
			);
			name = MelangeurDeSon;
			packageProductDependencies = (
			);
			productName = MelangeurDeSon;
			productReference = 4FEF117F807FBF2BF1BA2D31 /* MelangeurDeSon.app */;
			productType = "com.apple.product-type.application";
		};
/* End PBXNativeTarget section */

/* Begin PBXProject section */
		1923E5F2EABAF4F54FB6629A /* Project object */ = {
			isa = PBXProject;
			attributes = {
				BuildIndependentTargetsInParallel = YES;
				LastUpgradeCheck = 1600;
				TargetAttributes = {
					6CAC0D34F9253316A59C7956 = {
						ProvisioningStyle = Manual;
					};
				};
			};
			buildConfigurationList = 56926C7ECFC358D98B28B904 /* Build configuration list for PBXProject "MelangeurDeSon" */;
			developmentRegion = en;
			hasScannedForEncodings = 0;
			knownRegions = (
				Base,
				en,
			);
			mainGroup = 16FEDCF2A4E4F8F7CE6EA531;
			minimizedProjectReferenceProxies = 1;
			preferredProjectObjectVersion = 77;
			productRefGroup = 875B391A37224989F1E2B832 /* Products */;
			projectDirPath = "";
			projectRoot = "";
			targets = (
				6CAC0D34F9253316A59C7956 /* MelangeurDeSon */,
			);
		};
/* End PBXProject section */

/* Begin PBXSourcesBuildPhase section */
		02779468BEBCEBA1D024E5D2 /* Sources */ = {
			isa = PBXSourcesBuildPhase;
			buildActionMask = 2147483647;
			files = (
				D1210D454CBAC14C8576F6B6 /* AppAudioState.swift in Sources */,
				E455A7E5D7C99AE58636E793 /* AppDelegate.swift in Sources */,
				CDEAB50F89FA32D6C83F143C /* AppVolumeRow.swift in Sources */,
				21CC2CA1EA9600A84DE8EA17 /* AudioDeviceManager.swift in Sources */,
				3D0B3609D3C584FA1FADECBF /* AudioEngineManager.swift in Sources */,
				FCD2A60419552AA81886B0E7 /* AudioManager.swift in Sources */,
				21DC469DF67269BF8F4A2152 /* AudioProcessInfo.swift in Sources */,
				1674EB61C391E4C95A6AE09D /* MasterVolumeView.swift in Sources */,
				EAFC2F424F0C9DD12D287007 /* MelangeurDeSonApp.swift in Sources */,
				D616EE84A56DD68253B88CA0 /* OutputDevicePicker.swift in Sources */,
				8646581B2E3A78C1C2B16C3E /* PopoverContentView.swift in Sources */,
				5333BAAEAA956BECED57FEC2 /* ProcessTapManager.swift in Sources */,
				C7E00A4936CC98DCEB7F903E /* VUMeterView.swift in Sources */,
			);
			runOnlyForDeploymentPostprocessing = 0;
		};
/* End PBXSourcesBuildPhase section */

/* Begin XCBuildConfiguration section */
		0AF33E83D13FB5E249D0CB41 /* Release */ = {
			isa = XCBuildConfiguration;
			buildSettings = {
				ASSETCATALOG_COMPILER_APPICON_NAME = AppIcon;
				CODE_SIGNING_ALLOWED = NO;
				CODE_SIGNING_REQUIRED = NO;
				CODE_SIGN_ENTITLEMENTS = Resources/MelangeurDeSon.entitlements;
				CODE_SIGN_IDENTITY = "-";
				CODE_SIGN_STYLE = Manual;
				COMBINE_HIDPI_IMAGES = YES;
				CURRENT_PROJECT_VERSION = 1;
				GENERATE_INFOPLIST_FILE = NO;
				INFOPLIST_FILE = Resources/Info.plist;
				LD_RUNPATH_SEARCH_PATHS = "$(inherited) @executable_path/../Frameworks";
				MARKETING_VERSION = 1.0.0;
				PRODUCT_BUNDLE_IDENTIFIER = com.melangeurDeSon.app;
				PRODUCT_NAME = "Mélangeur de Son";
				SDKROOT = macosx;
			};
			name = Release;
		};
		43F273A4972E90A6B418641B /* Debug */ = {
			isa = XCBuildConfiguration;
			buildSettings = {
				ASSETCATALOG_COMPILER_APPICON_NAME = AppIcon;
				CODE_SIGNING_ALLOWED = NO;
				CODE_SIGNING_REQUIRED = NO;
				CODE_SIGN_ENTITLEMENTS = Resources/MelangeurDeSon.entitlements;
				CODE_SIGN_IDENTITY = "-";
				CODE_SIGN_STYLE = Manual;
				COMBINE_HIDPI_IMAGES = YES;
				CURRENT_PROJECT_VERSION = 1;
				GENERATE_INFOPLIST_FILE = NO;
				INFOPLIST_FILE = Resources/Info.plist;
				LD_RUNPATH_SEARCH_PATHS = "$(inherited) @executable_path/../Frameworks";
				MARKETING_VERSION = 1.0.0;
				PRODUCT_BUNDLE_IDENTIFIER = com.melangeurDeSon.app;
				PRODUCT_NAME = "Mélangeur de Son";
				SDKROOT = macosx;
			};
			name = Debug;
		};
		79E368C9EFFC4DBCB687980D /* Release */ = {
			isa = XCBuildConfiguration;
			buildSettings = {
				ALWAYS_SEARCH_USER_PATHS = NO;
				CLANG_ANALYZER_NONNULL = YES;
				CLANG_ANALYZER_NUMBER_OBJECT_CONVERSION = YES_AGGRESSIVE;
				CLANG_CXX_LANGUAGE_STANDARD = "gnu++14";
				CLANG_CXX_LIBRARY = "libc++";
				CLANG_ENABLE_MODULES = YES;
				CLANG_ENABLE_OBJC_ARC = YES;
				CLANG_ENABLE_OBJC_WEAK = YES;
				CLANG_WARN_BLOCK_CAPTURE_AUTORELEASING = YES;
				CLANG_WARN_BOOL_CONVERSION = YES;
				CLANG_WARN_COMMA = YES;
				CLANG_WARN_CONSTANT_CONVERSION = YES;
				CLANG_WARN_DEPRECATED_OBJC_IMPLEMENTATIONS = YES;
				CLANG_WARN_DIRECT_OBJC_ISA_USAGE = YES_ERROR;
				CLANG_WARN_DOCUMENTATION_COMMENTS = YES;
				CLANG_WARN_EMPTY_BODY = YES;
				CLANG_WARN_ENUM_CONVERSION = YES;
				CLANG_WARN_INFINITE_RECURSION = YES;
				CLANG_WARN_INT_CONVERSION = YES;
				CLANG_WARN_NON_LITERAL_NULL_CONVERSION = YES;
				CLANG_WARN_OBJC_IMPLICIT_RETAIN_SELF = YES;
				CLANG_WARN_OBJC_LITERAL_CONVERSION = YES;
				CLANG_WARN_OBJC_ROOT_CLASS = YES_ERROR;
				CLANG_WARN_QUOTED_INCLUDE_IN_FRAMEWORK_HEADER = YES;
				CLANG_WARN_RANGE_LOOP_ANALYSIS = YES;
				CLANG_WARN_STRICT_PROTOTYPES = YES;
				CLANG_WARN_SUSPICIOUS_MOVE = YES;
				CLANG_WARN_UNGUARDED_AVAILABILITY = YES_AGGRESSIVE;
				CLANG_WARN_UNREACHABLE_CODE = YES;
				CLANG_WARN__DUPLICATE_METHOD_MATCH = YES;
				COPY_PHASE_STRIP = NO;
				DEBUG_INFORMATION_FORMAT = "dwarf-with-dsym";
				ENABLE_NS_ASSERTIONS = NO;
				ENABLE_STRICT_OBJC_MSGSEND = YES;
				GCC_C_LANGUAGE_STANDARD = gnu11;
				GCC_NO_COMMON_BLOCKS = YES;
				GCC_WARN_64_TO_32_BIT_CONVERSION = YES;
				GCC_WARN_ABOUT_RETURN_TYPE = YES_ERROR;
				GCC_WARN_UNDECLARED_SELECTOR = YES;
				GCC_WARN_UNINITIALIZED_AUTOS = YES_AGGRESSIVE;
				GCC_WARN_UNUSED_FUNCTION = YES;
				GCC_WARN_UNUSED_VARIABLE = YES;
				MACOSX_DEPLOYMENT_TARGET = 15.0;
				MTL_ENABLE_DEBUG_INFO = NO;
				MTL_FAST_MATH = YES;
				PRODUCT_NAME = "$(TARGET_NAME)";
				SDKROOT = macosx;
				SWIFT_COMPILATION_MODE = wholemodule;
				SWIFT_OPTIMIZATION_LEVEL = "-O";
				SWIFT_VERSION = 6.0;
			};
			name = Release;
		};
		7BCCC0F1E4DCFDC98B84CBC7 /* Debug */ = {
			isa = XCBuildConfiguration;
			buildSettings = {
				ALWAYS_SEARCH_USER_PATHS = NO;
				CLANG_ANALYZER_NONNULL = YES;
				CLANG_ANALYZER_NUMBER_OBJECT_CONVERSION = YES_AGGRESSIVE;
				CLANG_CXX_LANGUAGE_STANDARD = "gnu++14";
				CLANG_CXX_LIBRARY = "libc++";
				CLANG_ENABLE_MODULES = YES;
				CLANG_ENABLE_OBJC_ARC = YES;
				CLANG_ENABLE_OBJC_WEAK = YES;
				CLANG_WARN_BLOCK_CAPTURE_AUTORELEASING = YES;
				CLANG_WARN_BOOL_CONVERSION = YES;
				CLANG_WARN_COMMA = YES;
				CLANG_WARN_CONSTANT_CONVERSION = YES;
				CLANG_WARN_DEPRECATED_OBJC_IMPLEMENTATIONS = YES;
				CLANG_WARN_DIRECT_OBJC_ISA_USAGE = YES_ERROR;
				CLANG_WARN_DOCUMENTATION_COMMENTS = YES;
				CLANG_WARN_EMPTY_BODY = YES;
				CLANG_WARN_ENUM_CONVERSION = YES;
				CLANG_WARN_INFINITE_RECURSION = YES;
				CLANG_WARN_INT_CONVERSION = YES;
				CLANG_WARN_NON_LITERAL_NULL_CONVERSION = YES;
				CLANG_WARN_OBJC_IMPLICIT_RETAIN_SELF = YES;
				CLANG_WARN_OBJC_LITERAL_CONVERSION = YES;
				CLANG_WARN_OBJC_ROOT_CLASS = YES_ERROR;
				CLANG_WARN_QUOTED_INCLUDE_IN_FRAMEWORK_HEADER = YES;
				CLANG_WARN_RANGE_LOOP_ANALYSIS = YES;
				CLANG_WARN_STRICT_PROTOTYPES = YES;
				CLANG_WARN_SUSPICIOUS_MOVE = YES;
				CLANG_WARN_UNGUARDED_AVAILABILITY = YES_AGGRESSIVE;
				CLANG_WARN_UNREACHABLE_CODE = YES;
				CLANG_WARN__DUPLICATE_METHOD_MATCH = YES;
				COPY_PHASE_STRIP = NO;
				DEBUG_INFORMATION_FORMAT = dwarf;
				ENABLE_STRICT_OBJC_MSGSEND = YES;
				ENABLE_TESTABILITY = YES;
				GCC_C_LANGUAGE_STANDARD = gnu11;
				GCC_DYNAMIC_NO_PIC = NO;
				GCC_NO_COMMON_BLOCKS = YES;
				GCC_OPTIMIZATION_LEVEL = 0;
				GCC_PREPROCESSOR_DEFINITIONS = (
					"$(inherited)",
					"DEBUG=1",
				);
				GCC_WARN_64_TO_32_BIT_CONVERSION = YES;
				GCC_WARN_ABOUT_RETURN_TYPE = YES_ERROR;
				GCC_WARN_UNDECLARED_SELECTOR = YES;
				GCC_WARN_UNINITIALIZED_AUTOS = YES_AGGRESSIVE;
				GCC_WARN_UNUSED_FUNCTION = YES;
				GCC_WARN_UNUSED_VARIABLE = YES;
				MACOSX_DEPLOYMENT_TARGET = 15.0;
				MTL_ENABLE_DEBUG_INFO = INCLUDE_SOURCE;
				MTL_FAST_MATH = YES;
				ONLY_ACTIVE_ARCH = YES;
				PRODUCT_NAME = "$(TARGET_NAME)";
				SDKROOT = macosx;
				SWIFT_ACTIVE_COMPILATION_CONDITIONS = DEBUG;
				SWIFT_OPTIMIZATION_LEVEL = "-Onone";
				SWIFT_VERSION = 6.0;
			};
			name = Debug;
		};
/* End XCBuildConfiguration section */

/* Begin XCConfigurationList section */
		56926C7ECFC358D98B28B904 /* Build configuration list for PBXProject "MelangeurDeSon" */ = {
			isa = XCConfigurationList;
			buildConfigurations = (
				7BCCC0F1E4DCFDC98B84CBC7 /* Debug */,
				79E368C9EFFC4DBCB687980D /* Release */,
			);
			defaultConfigurationIsVisible = 0;
			defaultConfigurationName = Debug;
		};
		BD26E618F2AD4D90A4FEBA98 /* Build configuration list for PBXNativeTarget "MelangeurDeSon" */ = {
			isa = XCConfigurationList;
			buildConfigurations = (
				43F273A4972E90A6B418641B /* Debug */,
				0AF33E83D13FB5E249D0CB41 /* Release */,
			);
			defaultConfigurationIsVisible = 0;
			defaultConfigurationName = Debug;
		};
/* End XCConfigurationList section */
	};
	rootObject = 1923E5F2EABAF4F54FB6629A /* Project object */;
}
